
Microsoft Visual Studio Solution File, Format Version 12.00
# Visual Studio Version 17
VisualStudioVersion = 17.11.35222.181
MinimumVisualStudioVersion = 10.0.40219.1
Project("{FAE04EC0-301F-11D3-BF4B-00C04F79EFBC}") = "PAIlab8", "PAIlab8.csproj", "{DC99803C-7F64-483E-884D-FECC93998699}"
EndProject
Global
	GlobalSection(SolutionConfigurationPlatforms) = preSolution
		Debug|Any CPU = Debug|Any CPU
		Release|Any CPU = Release|Any CPU
	EndGlobalSection
	GlobalSection(ProjectConfigurationPlatforms) = postSolution
		{DC99803C-7F64-483E-884D-FECC93998699}.Debug|Any CPU.ActiveCfg = Debug|Any CPU
		{DC99803C-7F64-483E-884D-FECC93998699}.Debug|Any CPU.Build.0 = Debug|Any CPU
		{DC99803C-7F64-483E-884D-FECC93998699}.Release|Any CPU.ActiveCfg = Release|Any CPU
		{DC99803C-7F64-483E-884D-FECC93998699}.Release|Any CPU.Build.0 = Release|Any CPU
	EndGlobalSection
	GlobalSection(SolutionProperties) = preSolution
		HideSolutionNode = FALSE
	EndGlobalSection
	GlobalSection(ExtensibilityGlobals) = postSolution
		SolutionGuid = {C4392576-99BC-4A71-AB59-B3CAB0A656CA}
	EndGlobalSection
EndGlobal
